PODS:
  - AudioKit (5.1.0):
    - AudioKit/C (= 5.1.0)
    - AudioKit/Core (= 5.1.0)
    - AudioKit/Soundpipe (= 5.1.0)
    - AudioKit/Sporth (= 5.1.0)
    - AudioKit/STK (= 5.1.0)
  - AudioKit/C (5.1.0):
    - AudioKit/Soundpipe
    - AudioKit/Sporth
    - AudioKit/STK
  - AudioKit/Core (5.1.0):
    - AudioKit/C
  - AudioKit/Soundpipe (5.1.0)
  - AudioKit/Sporth (5.1.0):
    - AudioKit/Soundpipe
  - AudioKit/STK (5.1.0)
  - JOCircularSlider (2.0.3)

DEPENDENCIES:
  - AudioKit
  - JOCircularSlider

SPEC REPOS:
  trunk:
    - AudioKit
    - JOCircularSlider

SPEC CHECKSUMS:
  AudioKit: 81246a4ccdd7ca3c6e0076f913070e90987b4369
  JOCircularSlider: c4b8cf56855ee90c92bf9cbee94af77b934aa31d

PODFILE CHECKSUM: c87dd0b4eba53ea98efae90a836930b1264ea615

COCOAPODS: 1.15.2
